
Microsoft Visual Studio Solution File, Format Version 12.00
# Visual Studio 14
VisualStudioVersion = 14.0.25420.1
MinimumVisualStudioVersion = 10.0.40219.1
Project("{FAE04EC0-301F-11D3-BF4B-00C04F79EFBC}") = "WebGoat.MVC", "WebGoat.MVC\WebGoat.MVC.csproj", "{7289AA89-E8E1-4F15-9A98-0FF670460FAE}"
EndProject
Project("{FAE04EC0-301F-11D3-BF4B-00C04F79EFBC}") = "MalicousSite", "MalicousSite\MalicousSite.csproj", "{C188A17C-E70C-483E-9612-3D9A3E6B80FB}"
EndProject
Global
	GlobalSection(SolutionConfigurationPlatforms) = preSolution
		Debug|Any CPU = Debug|Any CPU
		Release|Any CPU = Release|Any CPU
	EndGlobalSection
	GlobalSection(ProjectConfigurationPlatforms) = postSolution
		{7289AA89-E8E1-4F15-9A98-0FF670460FAE}.Debug|Any CPU.ActiveCfg = Debug|Any CPU
		{7289AA89-E8E1-4F15-9A98-0FF670460FAE}.Debug|Any CPU.Build.0 = Debug|Any CPU
		{7289AA89-E8E1-4F15-9A98-0FF670460FAE}.Release|Any CPU.ActiveCfg = Release|Any CPU
		{7289AA89-E8E1-4F15-9A98-0FF670460FAE}.Release|Any CPU.Build.0 = Release|Any CPU
		{C188A17C-E70C-483E-9612-3D9A3E6B80FB}.Debug|Any CPU.ActiveCfg = Debug|Any CPU
		{C188A17C-E70C-483E-9612-3D9A3E6B80FB}.Debug|Any CPU.Build.0 = Debug|Any CPU
		{C188A17C-E70C-483E-9612-3D9A3E6B80FB}.Release|Any CPU.ActiveCfg = Release|Any CPU
		{C188A17C-E70C-483E-9612-3D9A3E6B80FB}.Release|Any CPU.Build.0 = Release|Any CPU
	EndGlobalSection
	GlobalSection(SolutionProperties) = preSolution
		HideSolutionNode = FALSE
	EndGlobalSection
EndGlobal
